
Microsoft Visual Studio Solution File, Format Version 12.00
Project("{FAE04EC0-301F-11D3-BF4B-00C04F79EFBC}") = "Task1", "Task1\Task1.csproj", "{91D39617-8418-4F89-BC5D-68D2C9D2F3BE}"
EndProject
Project("{FAE04EC0-301F-11D3-BF4B-00C04F79EFBC}") = "Task2", "Task2\Task2.csproj", "{296E1FEB-10CD-47CE-BEEB-373C518A66A2}"
EndProject
Project("{FAE04EC0-301F-11D3-BF4B-00C04F79EFBC}") = "Task3", "Task3\Task3.csproj", "{99776651-0597-493D-96B3-08320AC40958}"
EndProject
Project("{FAE04EC0-301F-11D3-BF4B-00C04F79EFBC}") = "Task4", "Task4\Task4.csproj", "{28897CE7-65FA-44AE-BCD2-DB596016EED6}"
EndProject
Project("{FAE04EC0-301F-11D3-BF4B-00C04F79EFBC}") = "Task5", "Task5\Task5.csproj", "{B6176C72-ED3E-4770-B8A9-408CE0D6F380}"
EndProject
Global
	GlobalSection(SolutionConfigurationPlatforms) = preSolution
		Debug|Any CPU = Debug|Any CPU
		Release|Any CPU = Release|Any CPU
	EndGlobalSection
	GlobalSection(ProjectConfigurationPlatforms) = postSolution
		{91D39617-8418-4F89-BC5D-68D2C9D2F3BE}.Debug|Any CPU.ActiveCfg = Debug|Any CPU
		{91D39617-8418-4F89-BC5D-68D2C9D2F3BE}.Debug|Any CPU.Build.0 = Debug|Any CPU
		{91D39617-8418-4F89-BC5D-68D2C9D2F3BE}.Release|Any CPU.ActiveCfg = Release|Any CPU
		{91D39617-8418-4F89-BC5D-68D2C9D2F3BE}.Release|Any CPU.Build.0 = Release|Any CPU
		{296E1FEB-10CD-47CE-BEEB-373C518A66A2}.Debug|Any CPU.ActiveCfg = Debug|Any CPU
		{296E1FEB-10CD-47CE-BEEB-373C518A66A2}.Debug|Any CPU.Build.0 = Debug|Any CPU
		{296E1FEB-10CD-47CE-BEEB-373C518A66A2}.Release|Any CPU.ActiveCfg = Release|Any CPU
		{296E1FEB-10CD-47CE-BEEB-373C518A66A2}.Release|Any CPU.Build.0 = Release|Any CPU
		{99776651-0597-493D-96B3-08320AC40958}.Debug|Any CPU.ActiveCfg = Debug|Any CPU
		{99776651-0597-493D-96B3-08320AC40958}.Debug|Any CPU.Build.0 = Debug|Any CPU
		{99776651-0597-493D-96B3-08320AC40958}.Release|Any CPU.ActiveCfg = Release|Any CPU
		{99776651-0597-493D-96B3-08320AC40958}.Release|Any CPU.Build.0 = Release|Any CPU
		{28897CE7-65FA-44AE-BCD2-DB596016EED6}.Debug|Any CPU.ActiveCfg = Debug|Any CPU
		{28897CE7-65FA-44AE-BCD2-DB596016EED6}.Debug|Any CPU.Build.0 = Debug|Any CPU
		{28897CE7-65FA-44AE-BCD2-DB596016EED6}.Release|Any CPU.ActiveCfg = Release|Any CPU
		{28897CE7-65FA-44AE-BCD2-DB596016EED6}.Release|Any CPU.Build.0 = Release|Any CPU
		{B6176C72-ED3E-4770-B8A9-408CE0D6F380}.Debug|Any CPU.ActiveCfg = Debug|Any CPU
		{B6176C72-ED3E-4770-B8A9-408CE0D6F380}.Debug|Any CPU.Build.0 = Debug|Any CPU
		{B6176C72-ED3E-4770-B8A9-408CE0D6F380}.Release|Any CPU.ActiveCfg = Release|Any CPU
		{B6176C72-ED3E-4770-B8A9-408CE0D6F380}.Release|Any CPU.Build.0 = Release|Any CPU
	EndGlobalSection
EndGlobal
